
Microsoft Visual Studio Solution File, Format Version 12.00
# Visual Studio Version 17
VisualStudioVersion = 17.14.36603.0 d17.14
MinimumVisualStudioVersion = 10.0.40219.1
Project("{FAE04EC0-301F-11D3-BF4B-00C04F79EFBC}") = "Login", "Login.csproj", "{342664B9-542E-4124-AD6B-80B049F4A124}"
EndProject
Global
	GlobalSection(SolutionConfigurationPlatforms) = preSolution
		Debug|Any CPU = Debug|Any CPU
		Release|Any CPU = Release|Any CPU
	EndGlobalSection
	GlobalSection(ProjectConfigurationPlatforms) = postSolution
		{342664B9-542E-4124-AD6B-80B049F4A124}.Debug|Any CPU.ActiveCfg = Debug|Any CPU
		{342664B9-542E-4124-AD6B-80B049F4A124}.Debug|Any CPU.Build.0 = Debug|Any CPU
		{342664B9-542E-4124-AD6B-80B049F4A124}.Release|Any CPU.ActiveCfg = Release|Any CPU
		{342664B9-542E-4124-AD6B-80B049F4A124}.Release|Any CPU.Build.0 = Release|Any CPU
	EndGlobalSection
	GlobalSection(SolutionProperties) = preSolution
		HideSolutionNode = FALSE
	EndGlobalSection
	GlobalSection(ExtensibilityGlobals) = postSolution
		SolutionGuid = {74CD6693-3D38-436A-B151-FFC0F49B1B84}
	EndGlobalSection
EndGlobal
